
Microsoft Visual Studio Solution File, Format Version 12.00
# Visual Studio Version 17
VisualStudioVersion = 17.8.34330.188
MinimumVisualStudioVersion = 10.0.40219.1
Project("{FAE04EC0-301F-11D3-BF4B-00C04F79EFBC}") = "gitlearn", "gitlearn\gitlearn.csproj", "{87DF9150-F880-4682-9910-B18451482895}"
EndProject
Global
	GlobalSection(SolutionConfigurationPlatforms) = preSolution
		Debug|Any CPU = Debug|Any CPU
		Release|Any CPU = Release|Any CPU
	EndGlobalSection
	GlobalSection(ProjectConfigurationPlatforms) = postSolution
		{87DF9150-F880-4682-9910-B18451482895}.Debug|Any CPU.ActiveCfg = Debug|Any CPU
		{87DF9150-F880-4682-9910-B18451482895}.Debug|Any CPU.Build.0 = Debug|Any CPU
		{87DF9150-F880-4682-9910-B18451482895}.Release|Any CPU.ActiveCfg = Release|Any CPU
		{87DF9150-F880-4682-9910-B18451482895}.Release|Any CPU.Build.0 = Release|Any CPU
	EndGlobalSection
	GlobalSection(SolutionProperties) = preSolution
		HideSolutionNode = FALSE
	EndGlobalSection
	GlobalSection(ExtensibilityGlobals) = postSolution
		SolutionGuid = {A469BA5A-21E7-46BC-9093-4F9E32BB88B7}
	EndGlobalSection
EndGlobal
